{
  "name": "Reume",
  "lockfileVersion": 2,
  "requires": true,
  "packages": {
    "": {
      "dependencies": {
        "@google/markerclusterer": "^2.0.9"
      }
    },
    "node_modules/@google/markerclusterer": {
      "version": "2.0.9",
      "resolved": "https://registry.npmjs.org/@google/markerclusterer/-/markerclusterer-2.0.9.tgz",
      "integrity": "sha512-MMOvRRZTe8MtfLmr+3GmpnvbQPvdta7DhLgeapm3NpdBGe7sr8Gt3TvR/2ckBHttzjKz/dGd4v+GPmM34cC0Sg==",
      "deprecated": "It is recommended to use @googlemaps/markerclusterer instead of this package."
    }
  },
  "dependencies": {
    "@google/markerclusterer": {
      "version": "2.0.9",
      "resolved": "https://registry.npmjs.org/@google/markerclusterer/-/markerclusterer-2.0.9.tgz",
      "integrity": "sha512-MMOvRRZTe8MtfLmr+3GmpnvbQPvdta7DhLgeapm3NpdBGe7sr8Gt3TvR/2ckBHttzjKz/dGd4v+GPmM34cC0Sg=="
    }
  }
}
